
Microsoft Visual Studio Solution File, Format Version 12.00
# Visual Studio Version 17
VisualStudioVersion = 17.8.34511.84
MinimumVisualStudioVersion = 10.0.40219.1
Project("{FAE04EC0-301F-11D3-BF4B-00C04F79EFBC}") = "Login_Logout", "Login_Logout\Login_Logout.csproj", "{D31FDDA4-E263-4A98-8829-7904AC73F086}"
EndProject
Global
	GlobalSection(SolutionConfigurationPlatforms) = preSolution
		Debug|Any CPU = Debug|Any CPU
		Release|Any CPU = Release|Any CPU
	EndGlobalSection
	GlobalSection(ProjectConfigurationPlatforms) = postSolution
		{D31FDDA4-E263-4A98-8829-7904AC73F086}.Debug|Any CPU.ActiveCfg = Debug|Any CPU
		{D31FDDA4-E263-4A98-8829-7904AC73F086}.Debug|Any CPU.Build.0 = Debug|Any CPU
		{D31FDDA4-E263-4A98-8829-7904AC73F086}.Release|Any CPU.ActiveCfg = Release|Any CPU
		{D31FDDA4-E263-4A98-8829-7904AC73F086}.Release|Any CPU.Build.0 = Release|Any CPU
	EndGlobalSection
	GlobalSection(SolutionProperties) = preSolution
		HideSolutionNode = FALSE
	EndGlobalSection
	GlobalSection(ExtensibilityGlobals) = postSolution
		SolutionGuid = {A81CE9CB-29F8-40AC-A84C-24FEDC84CD59}
	EndGlobalSection
EndGlobal
